
Microsoft Visual Studio Solution File, Format Version 12.00
# Visual Studio Version 17
VisualStudioVersion = 17.4.33213.308
MinimumVisualStudioVersion = 10.0.40219.1
Project("{FAE04EC0-301F-11D3-BF4B-00C04F79EFBC}") = "clsShape", "clsShape\clsShape.csproj", "{16E7DE4E-6ACE-4D3F-A3FE-36F12E103013}"
EndProject
Global
	GlobalSection(SolutionConfigurationPlatforms) = preSolution
		Debug|Any CPU = Debug|Any CPU
		Release|Any CPU = Release|Any CPU
	EndGlobalSection
	GlobalSection(ProjectConfigurationPlatforms) = postSolution
		{16E7DE4E-6ACE-4D3F-A3FE-36F12E103013}.Debug|Any CPU.ActiveCfg = Debug|Any CPU
		{16E7DE4E-6ACE-4D3F-A3FE-36F12E103013}.Debug|Any CPU.Build.0 = Debug|Any CPU
		{16E7DE4E-6ACE-4D3F-A3FE-36F12E103013}.Release|Any CPU.ActiveCfg = Release|Any CPU
		{16E7DE4E-6ACE-4D3F-A3FE-36F12E103013}.Release|Any CPU.Build.0 = Release|Any CPU
	EndGlobalSection
	GlobalSection(SolutionProperties) = preSolution
		HideSolutionNode = FALSE
	EndGlobalSection
	GlobalSection(ExtensibilityGlobals) = postSolution
		SolutionGuid = {7B3D691B-4198-4732-BD4D-53AA0AF8FA18}
	EndGlobalSection
EndGlobal
